// !$*UTF8*$!
{
	archiveVersion = 1;
	classes = {
	};
	objectVersion = 46;
	objects = {

/* Begin PBXBuildFile section */
		734A4EE01B74F25400C8518E /* triangle.vs in Resources */ = {isa = PBXBuildFile; fileRef = 734A4EDF1B74F25400C8518E /* triangle.vs */; };
		734A4EE21B74F26700C8518E /* triangle.frag in Resources */ = {isa = PBXBuildFile; fileRef = 734A4EE11B74F26700C8518E /* triangle.frag */; };
		734A4EE51B74F3B300C8518E /* shader.cpp in Sources */ = {isa = PBXBuildFile; fileRef = 734A4EE41B74F3B300C8518E /* shader.cpp */; };
		734A4EEB1B75061B00C8518E /* triangle.vs in CopyFiles */ = {isa = PBXBuildFile; fileRef = 734A4EDF1B74F25400C8518E /* triangle.vs */; };
		734A4EEC1B75061D00C8518E /* triangle.frag in CopyFiles */ = {isa = PBXBuildFile; fileRef = 734A4EE11B74F26700C8518E /* triangle.frag */; };
		734A4EEE1B75081600C8518E /* Cocoa.framework in Frameworks */ = {isa = PBXBuildFile; fileRef = 734A4EED1B75081600C8518E /* Cocoa.framework */; };
		73BA4B001B66C33300EF8213 /* main.cpp in Sources */ = {isa = PBXBuildFile; fileRef = 73BA4AFF1B66C33300EF8213 /* main.cpp */; };
		73BA4B1D1B66C73B00EF8213 /* OpenGL.framework in Frameworks */ = {isa = PBXBuildFile; fileRef = 73BA4B1C1B66C73B00EF8213 /* OpenGL.framework */; };
		73BA4B3C1B67F91400EF8213 /* libGLEW.1.12.0.dylib in Frameworks */ = {isa = PBXBuildFile; fileRef = 73BA4B3B1B67F91400EF8213 /* libGLEW.1.12.0.dylib */; };
		73BA4B3E1B67F92700EF8213 /* libglfw3.3.1.dylib in Frameworks */ = {isa = PBXBuildFile; fileRef = 73BA4B3D1B67F92700EF8213 /* libglfw3.3.1.dylib */; };
		73BA4B3F1B67F93000EF8213 /* libglfw3.3.1.dylib in CopyFiles */ = {isa = PBXBuildFile; fileRef = 73BA4B3D1B67F92700EF8213 /* libglfw3.3.1.dylib */; settings = {ATTRIBUTES = (CodeSignOnCopy, ); }; };
		73BA4B401B67F93300EF8213 /* libGLEW.1.12.0.dylib in CopyFiles */ = {isa = PBXBuildFile; fileRef = 73BA4B3B1B67F91400EF8213 /* libGLEW.1.12.0.dylib */; settings = {ATTRIBUTES = (CodeSignOnCopy, ); }; };
		73F7B2061B7A36D300A42C29 /* image_DXT.c in Sources */ = {isa = PBXBuildFile; fileRef = 73F7B1F81B7A36D300A42C29 /* image_DXT.c */; };
		73F7B2071B7A36D300A42C29 /* image_helper.c in Sources */ = {isa = PBXBuildFile; fileRef = 73F7B1FA1B7A36D300A42C29 /* image_helper.c */; };
		73F7B20A1B7A36D300A42C29 /* SOIL.c in Sources */ = {isa = PBXBuildFile; fileRef = 73F7B1FF1B7A36D300A42C29 /* SOIL.c */; };
		73F7B20B1B7A36D300A42C29 /* stb_image_aug.c in Sources */ = {isa = PBXBuildFile; fileRef = 73F7B2011B7A36D300A42C29 /* stb_image_aug.c */; };
		73F7B2101B7B067E00A42C29 /* ruby.png in Resources */ = {isa = PBXBuildFile; fileRef = 73F7B20F1B7B067E00A42C29 /* ruby.png */; };
		73F7B2111B7B068500A42C29 /* ruby.png in CopyFiles */ = {isa = PBXBuildFile; fileRef = 73F7B20F1B7B067E00A42C29 /* ruby.png */; };
		73F7B3891B7E727300A42C29 /* texture.cpp in Sources */ = {isa = PBXBuildFile; fileRef = 73F7B3871B7E727300A42C29 /* texture.cpp */; };
		73F7B38F1B804B6300A42C29 /* cube.cpp in Sources */ = {isa = PBXBuildFile; fileRef = 73F7B38D1B804B6300A42C29 /* cube.cpp */; };
		73F7B3911B81413E00A42C29 /* checkerboard.png in Resources */ = {isa = PBXBuildFile; fileRef = 73F7B3901B81413E00A42C29 /* checkerboard.png */; };
		73F7B3921B81414D00A42C29 /* checkerboard.png in CopyFiles */ = {isa = PBXBuildFile; fileRef = 73F7B3901B81413E00A42C29 /* checkerboard.png */; };
/* End PBXBuildFile section */

/* Begin PBXCopyFilesBuildPhase section */
		734A4EEA1B75061200C8518E /* CopyFiles */ = {
			isa = PBXCopyFilesBuildPhase;
			buildActionMask = 2147483647;
			dstPath = shaders;
			dstSubfolderSpec = 7;
			files = (
				734A4EEC1B75061D00C8518E /* triangle.frag in CopyFiles */,
				734A4EEB1B75061B00C8518E /* triangle.vs in CopyFiles */,
			);
			runOnlyForDeploymentPostprocessing = 0;
		};
		73BA4B201B66CE0000EF8213 /* CopyFiles */ = {
			isa = PBXCopyFilesBuildPhase;
			buildActionMask = 2147483647;
			dstPath = "";
			dstSubfolderSpec = 10;
			files = (
				73BA4B3F1B67F93000EF8213 /* libglfw3.3.1.dylib in CopyFiles */,
				73BA4B401B67F93300EF8213 /* libGLEW.1.12.0.dylib in CopyFiles */,
			);
			runOnlyForDeploymentPostprocessing = 0;
		};
		73F7B20E1B7B066300A42C29 /* CopyFiles */ = {
			isa = PBXCopyFilesBuildPhase;
			buildActionMask = 2147483647;
			dstPath = textures;
			dstSubfolderSpec = 7;
			files = (
				73F7B3921B81414D00A42C29 /* checkerboard.png in CopyFiles */,
				73F7B2111B7B068500A42C29 /* ruby.png in CopyFiles */,
			);
			runOnlyForDeploymentPostprocessing = 0;
		};
/* End PBXCopyFilesBuildPhase section */

/* Begin PBXFileReference section */
		734A4EDF1B74F25400C8518E /* triangle.vs */ = {isa = PBXFileReference; fileEncoding = 4; lastKnownFileType = sourcecode.glsl; name = triangle.vs; path = src/shaders/triangle.vs; sourceTree = "<group>"; };
		734A4EE11B74F26700C8518E /* triangle.frag */ = {isa = PBXFileReference; fileEncoding = 4; lastKnownFileType = sourcecode.glsl; name = triangle.frag; path = src/shaders/triangle.frag; sourceTree = "<group>"; };
		734A4EE31B74F31A00C8518E /* shader.h */ = {isa = PBXFileReference; lastKnownFileType = sourcecode.c.h; name = shader.h; path = src/shader.h; sourceTree = "<group>"; };
		734A4EE41B74F3B300C8518E /* shader.cpp */ = {isa = PBXFileReference; fileEncoding = 4; lastKnownFileType = sourcecode.cpp.cpp; name = shader.cpp; path = src/shader.cpp; sourceTree = "<group>"; };
		734A4EED1B75081600C8518E /* Cocoa.framework */ = {isa = PBXFileReference; lastKnownFileType = wrapper.framework; name = Cocoa.framework; path = System/Library/Frameworks/Cocoa.framework; sourceTree = SDKROOT; };
		73BA4AF71B66C33300EF8213 /* SystemExplorer.app */ = {isa = PBXFileReference; explicitFileType = wrapper.application; includeInIndex = 0; path = SystemExplorer.app; sourceTree = BUILT_PRODUCTS_DIR; };
		73BA4AFB1B66C33300EF8213 /* Info.plist */ = {isa = PBXFileReference; lastKnownFileType = text.plist.xml; path = Info.plist; sourceTree = "<group>"; };
		73BA4AFF1B66C33300EF8213 /* main.cpp */ = {isa = PBXFileReference; lastKnownFileType = sourcecode.cpp.cpp; name = main.cpp; path = src/main.cpp; sourceTree = "<group>"; };
		73BA4B1C1B66C73B00EF8213 /* OpenGL.framework */ = {isa = PBXFileReference; lastKnownFileType = wrapper.framework; name = OpenGL.framework; path = System/Library/Frameworks/OpenGL.framework; sourceTree = SDKROOT; };
		73BA4B3B1B67F91400EF8213 /* libGLEW.1.12.0.dylib */ = {isa = PBXFileReference; lastKnownFileType = "compiled.mach-o.dylib"; name = libGLEW.1.12.0.dylib; path = ../../../../../usr/local/Cellar/glew/1.12.0/lib/libGLEW.1.12.0.dylib; sourceTree = "<group>"; };
		73BA4B3D1B67F92700EF8213 /* libglfw3.3.1.dylib */ = {isa = PBXFileReference; lastKnownFileType = "compiled.mach-o.dylib"; name = libglfw3.3.1.dylib; path = ../../../../../usr/local/Cellar/glfw3/3.1.1/lib/libglfw3.3.1.dylib; sourceTree = "<group>"; };
		73F7B1F81B7A36D300A42C29 /* image_DXT.c */ = {isa = PBXFileReference; fileEncoding = 4; lastKnownFileType = sourcecode.c.c; path = image_DXT.c; sourceTree = "<group>"; };
		73F7B1F91B7A36D300A42C29 /* image_DXT.h */ = {isa = PBXFileReference; fileEncoding = 4; lastKnownFileType = sourcecode.c.h; path = image_DXT.h; sourceTree = "<group>"; };
		73F7B1FA1B7A36D300A42C29 /* image_helper.c */ = {isa = PBXFileReference; fileEncoding = 4; lastKnownFileType = sourcecode.c.c; path = image_helper.c; sourceTree = "<group>"; };
		73F7B1FB1B7A36D300A42C29 /* image_helper.h */ = {isa = PBXFileReference; fileEncoding = 4; lastKnownFileType = sourcecode.c.h; path = image_helper.h; sourceTree = "<group>"; };
		73F7B1FF1B7A36D300A42C29 /* SOIL.c */ = {isa = PBXFileReference; fileEncoding = 4; lastKnownFileType = sourcecode.c.c; path = SOIL.c; sourceTree = "<group>"; };
		73F7B2001B7A36D300A42C29 /* SOIL.h */ = {isa = PBXFileReference; fileEncoding = 4; lastKnownFileType = sourcecode.c.h; path = SOIL.h; sourceTree = "<group>"; };
		73F7B2011B7A36D300A42C29 /* stb_image_aug.c */ = {isa = PBXFileReference; fileEncoding = 4; lastKnownFileType = sourcecode.c.c; path = stb_image_aug.c; sourceTree = "<group>"; };
		73F7B2021B7A36D300A42C29 /* stb_image_aug.h */ = {isa = PBXFileReference; fileEncoding = 4; lastKnownFileType = sourcecode.c.h; path = stb_image_aug.h; sourceTree = "<group>"; };
		73F7B2031B7A36D300A42C29 /* stbi_DDS_aug.h */ = {isa = PBXFileReference; fileEncoding = 4; lastKnownFileType = sourcecode.c.h; path = stbi_DDS_aug.h; sourceTree = "<group>"; };
		73F7B2041B7A36D300A42C29 /* stbi_DDS_aug_c.h */ = {isa = PBXFileReference; fileEncoding = 4; lastKnownFileType = sourcecode.c.h; path = stbi_DDS_aug_c.h; sourceTree = "<group>"; };
		73F7B20F1B7B067E00A42C29 /* ruby.png */ = {isa = PBXFileReference; lastKnownFileType = image.png; name = ruby.png; path = textures/ruby.png; sourceTree = "<group>"; };
		73F7B3871B7E727300A42C29 /* texture.cpp */ = {isa = PBXFileReference; fileEncoding = 4; lastKnownFileType = sourcecode.cpp.cpp; name = texture.cpp; path = src/texture.cpp; sourceTree = "<group>"; };
		73F7B3881B7E727300A42C29 /* texture.h */ = {isa = PBXFileReference; fileEncoding = 4; lastKnownFileType = sourcecode.c.h; name = texture.h; path = src/texture.h; sourceTree = "<group>"; };
		73F7B38D1B804B6300A42C29 /* cube.cpp */ = {isa = PBXFileReference; fileEncoding = 4; lastKnownFileType = sourcecode.cpp.cpp; name = cube.cpp; path = src/cube.cpp; sourceTree = "<group>"; };
		73F7B38E1B804B6300A42C29 /* cube.h */ = {isa = PBXFileReference; fileEncoding = 4; lastKnownFileType = sourcecode.c.h; name = cube.h; path = src/cube.h; sourceTree = "<group>"; };
		73F7B3901B81413E00A42C29 /* checkerboard.png */ = {isa = PBXFileReference; lastKnownFileType = image.png; name = checkerboard.png; path = textures/checkerboard.png; sourceTree = "<group>"; };
/* End PBXFileReference section */

/* Begin PBXFrameworksBuildPhase section */
		73BA4AF41B66C33300EF8213 /* Frameworks */ = {
			isa = PBXFrameworksBuildPhase;
			buildActionMask = 2147483647;
			files = (
				734A4EEE1B75081600C8518E /* Cocoa.framework in Frameworks */,
				73BA4B3E1B67F92700EF8213 /* libglfw3.3.1.dylib in Frameworks */,
				73BA4B3C1B67F91400EF8213 /* libGLEW.1.12.0.dylib in Frameworks */,
				73BA4B1D1B66C73B00EF8213 /* OpenGL.framework in Frameworks */,
			);
			runOnlyForDeploymentPostprocessing = 0;
		};
/* End PBXFrameworksBuildPhase section */

/* Begin PBXGroup section */
		734A4EDE1B74F22100C8518E /* shaders */ = {
			isa = PBXGroup;
			children = (
				734A4EDF1B74F25400C8518E /* triangle.vs */,
				734A4EE11B74F26700C8518E /* triangle.frag */,
			);
			name = shaders;
			sourceTree = "<group>";
		};
		73BA4AEE1B66C33300EF8213 = {
			isa = PBXGroup;
			children = (
				73BA4B231B66D06D00EF8213 /* src */,
				73F7B1F61B7A36A800A42C29 /* lib */,
				73F7B20D1B7A377C00A42C29 /* textures */,
				73BA4AF91B66C33300EF8213 /* SystemExplorer */,
				73BA4AF81B66C33300EF8213 /* Products */,
				73BA4B1E1B66C75000EF8213 /* Frameworks */,
			);
			sourceTree = "<group>";
		};
		73BA4AF81B66C33300EF8213 /* Products */ = {
			isa = PBXGroup;
			children = (
				73BA4AF71B66C33300EF8213 /* SystemExplorer.app */,
			);
			name = Products;
			sourceTree = "<group>";
		};
		73BA4AF91B66C33300EF8213 /* SystemExplorer */ = {
			isa = PBXGroup;
			children = (
				73BA4AFA1B66C33300EF8213 /* Supporting Files */,
			);
			path = SystemExplorer;
			sourceTree = "<group>";
		};
		73BA4AFA1B66C33300EF8213 /* Supporting Files */ = {
			isa = PBXGroup;
			children = (
				73BA4AFB1B66C33300EF8213 /* Info.plist */,
			);
			name = "Supporting Files";
			sourceTree = "<group>";
		};
		73BA4B1E1B66C75000EF8213 /* Frameworks */ = {
			isa = PBXGroup;
			children = (
				734A4EED1B75081600C8518E /* Cocoa.framework */,
				73BA4B3D1B67F92700EF8213 /* libglfw3.3.1.dylib */,
				73BA4B3B1B67F91400EF8213 /* libGLEW.1.12.0.dylib */,
				73BA4B1C1B66C73B00EF8213 /* OpenGL.framework */,
			);
			name = Frameworks;
			path = SystemExplorer.xcodeproj;
			sourceTree = "<group>";
		};
		73BA4B231B66D06D00EF8213 /* src */ = {
			isa = PBXGroup;
			children = (
				734A4EDE1B74F22100C8518E /* shaders */,
				73BA4AFF1B66C33300EF8213 /* main.cpp */,
				734A4EE41B74F3B300C8518E /* shader.cpp */,
				734A4EE31B74F31A00C8518E /* shader.h */,
				73F7B3871B7E727300A42C29 /* texture.cpp */,
				73F7B3881B7E727300A42C29 /* texture.h */,
				73F7B38D1B804B6300A42C29 /* cube.cpp */,
				73F7B38E1B804B6300A42C29 /* cube.h */,
			);
			name = src;
			sourceTree = "<group>";
		};
		73F7B1F61B7A36A800A42C29 /* lib */ = {
			isa = PBXGroup;
			children = (
				73F7B1F71B7A36D300A42C29 /* soil */,
			);
			name = lib;
			sourceTree = "<group>";
		};
		73F7B1F71B7A36D300A42C29 /* soil */ = {
			isa = PBXGroup;
			children = (
				73F7B1F81B7A36D300A42C29 /* image_DXT.c */,
				73F7B1F91B7A36D300A42C29 /* image_DXT.h */,
				73F7B1FA1B7A36D300A42C29 /* image_helper.c */,
				73F7B1FB1B7A36D300A42C29 /* image_helper.h */,
				73F7B1FF1B7A36D300A42C29 /* SOIL.c */,
				73F7B2001B7A36D300A42C29 /* SOIL.h */,
				73F7B2011B7A36D300A42C29 /* stb_image_aug.c */,
				73F7B2021B7A36D300A42C29 /* stb_image_aug.h */,
				73F7B2031B7A36D300A42C29 /* stbi_DDS_aug.h */,
				73F7B2041B7A36D300A42C29 /* stbi_DDS_aug_c.h */,
			);
			name = soil;
			path = lib/soil;
			sourceTree = "<group>";
		};
		73F7B20D1B7A377C00A42C29 /* textures */ = {
			isa = PBXGroup;
			children = (
				73F7B3901B81413E00A42C29 /* checkerboard.png */,
				73F7B20F1B7B067E00A42C29 /* ruby.png */,
			);
			name = textures;
			sourceTree = "<group>";
		};
/* End PBXGroup section */

/* Begin PBXNativeTarget section */
		73BA4AF61B66C33300EF8213 /* SystemExplorer */ = {
			isa = PBXNativeTarget;
			buildConfigurationList = 73BA4B141B66C33300EF8213 /* Build configuration list for PBXNativeTarget "SystemExplorer" */;
			buildPhases = (
				73BA4AF31B66C33300EF8213 /* Sources */,
				73BA4AF41B66C33300EF8213 /* Frameworks */,
				73BA4AF51B66C33300EF8213 /* Resources */,
				73BA4B201B66CE0000EF8213 /* CopyFiles */,
				734A4EE91B74F5A300C8518E /* ShellScript */,
				734A4EEA1B75061200C8518E /* CopyFiles */,
				73F7B20E1B7B066300A42C29 /* CopyFiles */,
			);
			buildRules = (
			);
			dependencies = (
			);
			name = SystemExplorer;
			productName = SystemExplorer;
			productReference = 73BA4AF71B66C33300EF8213 /* SystemExplorer.app */;
			productType = "com.apple.product-type.application";
		};
/* End PBXNativeTarget section */

/* Begin PBXProject section */
		73BA4AEF1B66C33300EF8213 /* Project object */ = {
			isa = PBXProject;
			attributes = {
				LastUpgradeCheck = 0640;
				ORGANIZATIONNAME = "Sean Eshbaugh";
				TargetAttributes = {
					73BA4AF61B66C33300EF8213 = {
						CreatedOnToolsVersion = 6.4;
					};
				};
			};
			buildConfigurationList = 73BA4AF21B66C33300EF8213 /* Build configuration list for PBXProject "SystemExplorer" */;
			compatibilityVersion = "Xcode 3.2";
			developmentRegion = English;
			hasScannedForEncodings = 0;
			knownRegions = (
				en,
				Base,
			);
			mainGroup = 73BA4AEE1B66C33300EF8213;
			productRefGroup = 73BA4AF81B66C33300EF8213 /* Products */;
			projectDirPath = "";
			projectRoot = "";
			targets = (
				73BA4AF61B66C33300EF8213 /* SystemExplorer */,
			);
		};
/* End PBXProject section */

/* Begin PBXResourcesBuildPhase section */
		73BA4AF51B66C33300EF8213 /* Resources */ = {
			isa = PBXResourcesBuildPhase;
			buildActionMask = 2147483647;
			files = (
				73F7B3911B81413E00A42C29 /* checkerboard.png in Resources */,
				734A4EE01B74F25400C8518E /* triangle.vs in Resources */,
				734A4EE21B74F26700C8518E /* triangle.frag in Resources */,
				73F7B2101B7B067E00A42C29 /* ruby.png in Resources */,
			);
			runOnlyForDeploymentPostprocessing = 0;
		};
/* End PBXResourcesBuildPhase section */

/* Begin PBXShellScriptBuildPhase section */
		734A4EE91B74F5A300C8518E /* ShellScript */ = {
			isa = PBXShellScriptBuildPhase;
			buildActionMask = 2147483647;
			files = (
			);
			inputPaths = (
			);
			outputPaths = (
			);
			runOnlyForDeploymentPostprocessing = 0;
			shellPath = /bin/sh;
			shellScript = "install_name_tool -id @executable_path/../Frameworks/libglfw3.3.1.dylib \"$TARGET_BUILD_DIR/$TARGET_NAME.app/Contents/Frameworks/libglfw3.3.1.dylib\"\ninstall_name_tool -id @executable_path/../Frameworks/libGLEW.1.12.0.dylib \"$TARGET_BUILD_DIR/$TARGET_NAME.app/Contents/Frameworks/libGLEW.1.12.0.dylib\"\ninstall_name_tool -change /usr/local/lib/libglfw3.3.dylib @executable_path/../Frameworks/libglfw3.3.1.dylib \"$TARGET_BUILD_DIR/$TARGET_NAME.app/Contents/MacOS/$PRODUCT_NAME\"\ninstall_name_tool -change /usr/local/lib/libGLEW.1.12.0.dylib @executable_path/../Frameworks/libGLEW.1.12.0.dylib \"$TARGET_BUILD_DIR/$TARGET_NAME.app/Contents/MacOS/$PRODUCT_NAME\"\ncodesign --force --sign - --preserve-metadata=identifier,entitlements \"$TARGET_BUILD_DIR/$TARGET_NAME.app/Contents/Frameworks/libglfw3.3.1.dylib\"\ncodesign --force --sign - --preserve-metadata=identifier,entitlements \"$TARGET_BUILD_DIR/$TARGET_NAME.app/Contents/Frameworks/libGLEW.1.12.0.dylib\"";
		};
/* End PBXShellScriptBuildPhase section */

/* Begin PBXSourcesBuildPhase section */
		73BA4AF31B66C33300EF8213 /* Sources */ = {
			isa = PBXSourcesBuildPhase;
			buildActionMask = 2147483647;
			files = (
				73F7B38F1B804B6300A42C29 /* cube.cpp in Sources */,
				734A4EE51B74F3B300C8518E /* shader.cpp in Sources */,
				73F7B2071B7A36D300A42C29 /* image_helper.c in Sources */,
				73BA4B001B66C33300EF8213 /* main.cpp in Sources */,
				73F7B20A1B7A36D300A42C29 /* SOIL.c in Sources */,
				73F7B3891B7E727300A42C29 /* texture.cpp in Sources */,
				73F7B2061B7A36D300A42C29 /* image_DXT.c in Sources */,
				73F7B20B1B7A36D300A42C29 /* stb_image_aug.c in Sources */,
			);
			runOnlyForDeploymentPostprocessing = 0;
		};
/* End PBXSourcesBuildPhase section */

/* Begin XCBuildConfiguration section */
		73BA4B121B66C33300EF8213 /* Debug */ = {
			isa = XCBuildConfiguration;
			buildSettings = {
				ALWAYS_SEARCH_USER_PATHS = NO;
				CLANG_CXX_LANGUAGE_STANDARD = "gnu++0x";
				CLANG_CXX_LIBRARY = "libc++";
				CLANG_ENABLE_MODULES = YES;
				CLANG_ENABLE_OBJC_ARC = YES;
				CLANG_WARN_BOOL_CONVERSION = YES;
				CLANG_WARN_CONSTANT_CONVERSION = YES;
				CLANG_WARN_DIRECT_OBJC_ISA_USAGE = YES_ERROR;
				CLANG_WARN_EMPTY_BODY = YES;
				CLANG_WARN_ENUM_CONVERSION = YES;
				CLANG_WARN_INT_CONVERSION = YES;
				CLANG_WARN_OBJC_ROOT_CLASS = YES_ERROR;
				CLANG_WARN_UNREACHABLE_CODE = YES;
				CLANG_WARN__DUPLICATE_METHOD_MATCH = YES;
				CODE_SIGN_IDENTITY = "-";
				COPY_PHASE_STRIP = NO;
				DEBUG_INFORMATION_FORMAT = dwarf;
				ENABLE_STRICT_OBJC_MSGSEND = YES;
				GCC_C_LANGUAGE_STANDARD = gnu99;
				GCC_DYNAMIC_NO_PIC = NO;
				GCC_NO_COMMON_BLOCKS = YES;
				GCC_OPTIMIZATION_LEVEL = 0;
				GCC_PREPROCESSOR_DEFINITIONS = (
					"DEBUG=1",
					"$(inherited)",
				);
				GCC_SYMBOLS_PRIVATE_EXTERN = NO;
				GCC_WARN_64_TO_32_BIT_CONVERSION = YES;
				GCC_WARN_ABOUT_RETURN_TYPE = YES_ERROR;
				GCC_WARN_UNDECLARED_SELECTOR = YES;
				GCC_WARN_UNINITIALIZED_AUTOS = YES_AGGRESSIVE;
				GCC_WARN_UNUSED_FUNCTION = YES;
				GCC_WARN_UNUSED_VARIABLE = YES;
				MACOSX_DEPLOYMENT_TARGET = 10.10;
				MTL_ENABLE_DEBUG_INFO = YES;
				ONLY_ACTIVE_ARCH = YES;
				SDKROOT = macosx;
			};
			name = Debug;
		};
		73BA4B131B66C33300EF8213 /* Release */ = {
			isa = XCBuildConfiguration;
			buildSettings = {
				ALWAYS_SEARCH_USER_PATHS = NO;
				CLANG_CXX_LANGUAGE_STANDARD = "gnu++0x";
				CLANG_CXX_LIBRARY = "libc++";
				CLANG_ENABLE_MODULES = YES;
				CLANG_ENABLE_OBJC_ARC = YES;
				CLANG_WARN_BOOL_CONVERSION = YES;
				CLANG_WARN_CONSTANT_CONVERSION = YES;
				CLANG_WARN_DIRECT_OBJC_ISA_USAGE = YES_ERROR;
				CLANG_WARN_EMPTY_BODY = YES;
				CLANG_WARN_ENUM_CONVERSION = YES;
				CLANG_WARN_INT_CONVERSION = YES;
				CLANG_WARN_OBJC_ROOT_CLASS = YES_ERROR;
				CLANG_WARN_UNREACHABLE_CODE = YES;
				CLANG_WARN__DUPLICATE_METHOD_MATCH = YES;
				CODE_SIGN_IDENTITY = "-";
				COPY_PHASE_STRIP = NO;
				DEBUG_INFORMATION_FORMAT = "dwarf-with-dsym";
				ENABLE_NS_ASSERTIONS = NO;
				ENABLE_STRICT_OBJC_MSGSEND = YES;
				GCC_C_LANGUAGE_STANDARD = gnu99;
				GCC_NO_COMMON_BLOCKS = YES;
				GCC_WARN_64_TO_32_BIT_CONVERSION = YES;
				GCC_WARN_ABOUT_RETURN_TYPE = YES_ERROR;
				GCC_WARN_UNDECLARED_SELECTOR = YES;
				GCC_WARN_UNINITIALIZED_AUTOS = YES_AGGRESSIVE;
				GCC_WARN_UNUSED_FUNCTION = YES;
				GCC_WARN_UNUSED_VARIABLE = YES;
				MACOSX_DEPLOYMENT_TARGET = 10.10;
				MTL_ENABLE_DEBUG_INFO = NO;
				SDKROOT = macosx;
			};
			name = Release;
		};
		73BA4B151B66C33300EF8213 /* Debug */ = {
			isa = XCBuildConfiguration;
			buildSettings = {
				ASSETCATALOG_COMPILER_APPICON_NAME = AppIcon;
				COMBINE_HIDPI_IMAGES = YES;
				HEADER_SEARCH_PATHS = "";
				"HEADER_SEARCH_PATHS[arch=*]" = (
					"$(inherited)",
					/Applications/Xcode.app/Contents/Developer/Toolchains/XcodeDefault.xctoolchain/usr/include,
					/usr/local/include,
				);
				INFOPLIST_FILE = SystemExplorer/Info.plist;
				LD_RUNPATH_SEARCH_PATHS = "@rpath/libGLEW.1.12.0.dylib @rpath/libglfw3.3.1.dylib";
				LIBRARY_SEARCH_PATHS = (
					"$(inherited)",
					/usr/local/Cellar/glfw3/3.1.1/lib,
					/usr/local/Cellar/glew/1.12.0/lib,
					"$(PROJECT_DIR)/SystemExplorer.xcodeproj",
					"$(PROJECT_DIR)/lib",
				);
				OTHER_LDFLAGS = "-headerpad_max_install_names";
				PRODUCT_NAME = "$(TARGET_NAME)";
			};
			name = Debug;
		};
		73BA4B161B66C33300EF8213 /* Release */ = {
			isa = XCBuildConfiguration;
			buildSettings = {
				ASSETCATALOG_COMPILER_APPICON_NAME = AppIcon;
				COMBINE_HIDPI_IMAGES = YES;
				HEADER_SEARCH_PATHS = "";
				"HEADER_SEARCH_PATHS[arch=*]" = (
					"$(inherited)",
					/Applications/Xcode.app/Contents/Developer/Toolchains/XcodeDefault.xctoolchain/usr/include,
					/usr/local/include,
				);
				INFOPLIST_FILE = SystemExplorer/Info.plist;
				LD_RUNPATH_SEARCH_PATHS = "@rpath/libGLEW.1.12.0.dylib @rpath/libglfw3.3.1.dylib";
				LIBRARY_SEARCH_PATHS = (
					"$(inherited)",
					/usr/local/Cellar/glfw3/3.1.1/lib,
					/usr/local/Cellar/glew/1.12.0/lib,
					"$(PROJECT_DIR)/SystemExplorer.xcodeproj",
					"$(PROJECT_DIR)/lib",
				);
				OTHER_LDFLAGS = "-headerpad_max_install_names";
				PRODUCT_NAME = "$(TARGET_NAME)";
			};
			name = Release;
		};
/* End XCBuildConfiguration section */

/* Begin XCConfigurationList section */
		73BA4AF21B66C33300EF8213 /* Build configuration list for PBXProject "SystemExplorer" */ = {
			isa = XCConfigurationList;
			buildConfigurations = (
				73BA4B121B66C33300EF8213 /* Debug */,
				73BA4B131B66C33300EF8213 /* Release */,
			);
			defaultConfigurationIsVisible = 0;
			defaultConfigurationName = Release;
		};
		73BA4B141B66C33300EF8213 /* Build configuration list for PBXNativeTarget "SystemExplorer" */ = {
			isa = XCConfigurationList;
			buildConfigurations = (
				73BA4B151B66C33300EF8213 /* Debug */,
				73BA4B161B66C33300EF8213 /* Release */,
			);
			defaultConfigurationIsVisible = 0;
			defaultConfigurationName = Release;
		};
/* End XCConfigurationList section */
	};
	rootObject = 73BA4AEF1B66C33300EF8213 /* Project object */;
}
